
Microsoft Visual Studio Solution File, Format Version 12.00
# Visual Studio 15
VisualStudioVersion = 15.0.27428.2027
MinimumVisualStudioVersion = 10.0.40219.1
Project("{F2A71F9B-5D33-465A-A702-920D77279786}") = "fs-proj4", "src\fs-proj4.fsproj", "{E47E5962-6582-4DE4-AF01-FCDF80C4627B}"
EndProject
Project("{F2A71F9B-5D33-465A-A702-920D77279786}") = "fs-proj4-test", "test\fs-proj4-test.fsproj", "{7EBB64F7-7D64-4C7D-9753-1C1E219066FD}"
EndProject
Global
	GlobalSection(SolutionConfigurationPlatforms) = preSolution
		Debug|Any CPU = Debug|Any CPU
		Debug|x64 = Debug|x64
		Release|Any CPU = Release|Any CPU
		Release|x64 = Release|x64
	EndGlobalSection
	GlobalSection(ProjectConfigurationPlatforms) = postSolution
		{E47E5962-6582-4DE4-AF01-FCDF80C4627B}.Debug|Any CPU.ActiveCfg = Debug|Any CPU
		{E47E5962-6582-4DE4-AF01-FCDF80C4627B}.Debug|Any CPU.Build.0 = Debug|Any CPU
		{E47E5962-6582-4DE4-AF01-FCDF80C4627B}.Debug|x64.ActiveCfg = Debug|x64
		{E47E5962-6582-4DE4-AF01-FCDF80C4627B}.Debug|x64.Build.0 = Debug|x64
		{E47E5962-6582-4DE4-AF01-FCDF80C4627B}.Release|Any CPU.ActiveCfg = Release|Any CPU
		{E47E5962-6582-4DE4-AF01-FCDF80C4627B}.Release|Any CPU.Build.0 = Release|Any CPU
		{E47E5962-6582-4DE4-AF01-FCDF80C4627B}.Release|x64.ActiveCfg = Release|x64
		{E47E5962-6582-4DE4-AF01-FCDF80C4627B}.Release|x64.Build.0 = Release|x64
		{7EBB64F7-7D64-4C7D-9753-1C1E219066FD}.Debug|Any CPU.ActiveCfg = Debug|Any CPU
		{7EBB64F7-7D64-4C7D-9753-1C1E219066FD}.Debug|Any CPU.Build.0 = Debug|Any CPU
		{7EBB64F7-7D64-4C7D-9753-1C1E219066FD}.Debug|x64.ActiveCfg = Debug|Any CPU
		{7EBB64F7-7D64-4C7D-9753-1C1E219066FD}.Debug|x64.Build.0 = Debug|Any CPU
		{7EBB64F7-7D64-4C7D-9753-1C1E219066FD}.Release|Any CPU.ActiveCfg = Release|Any CPU
		{7EBB64F7-7D64-4C7D-9753-1C1E219066FD}.Release|Any CPU.Build.0 = Release|Any CPU
		{7EBB64F7-7D64-4C7D-9753-1C1E219066FD}.Release|x64.ActiveCfg = Release|Any CPU
		{7EBB64F7-7D64-4C7D-9753-1C1E219066FD}.Release|x64.Build.0 = Release|Any CPU
	EndGlobalSection
	GlobalSection(SolutionProperties) = preSolution
		HideSolutionNode = FALSE
	EndGlobalSection
	GlobalSection(ExtensibilityGlobals) = postSolution
		SolutionGuid = {4C3E2AE6-3A46-4725-B345-D62A95221426}
	EndGlobalSection
EndGlobal
