
Microsoft Visual Studio Solution File, Format Version 12.00
# Visual Studio 15
VisualStudioVersion = 15.0.28307.168
MinimumVisualStudioVersion = 10.0.40219.1
Project("{F2A71F9B-5D33-465A-A702-920D77279786}") = "FsProj4", "src\FsProj4.fsproj", "{095BDD3A-36F7-4E9B-B2D9-6755B6107AF1}"
EndProject
Project("{F2A71F9B-5D33-465A-A702-920D77279786}") = "FsProj4Test", "test\FsProj4Test.fsproj", "{F9FF26C3-37A8-4DDD-A584-C3CCC0829303}"
EndProject
Global
	GlobalSection(SolutionConfigurationPlatforms) = preSolution
		Debug|Any CPU = Debug|Any CPU
		Release|Any CPU = Release|Any CPU
	EndGlobalSection
	GlobalSection(ProjectConfigurationPlatforms) = postSolution
		{095BDD3A-36F7-4E9B-B2D9-6755B6107AF1}.Debug|Any CPU.ActiveCfg = Debug|Any CPU
		{095BDD3A-36F7-4E9B-B2D9-6755B6107AF1}.Debug|Any CPU.Build.0 = Debug|Any CPU
		{095BDD3A-36F7-4E9B-B2D9-6755B6107AF1}.Release|Any CPU.ActiveCfg = Release|Any CPU
		{095BDD3A-36F7-4E9B-B2D9-6755B6107AF1}.Release|Any CPU.Build.0 = Release|Any CPU
		{F9FF26C3-37A8-4DDD-A584-C3CCC0829303}.Debug|Any CPU.ActiveCfg = Debug|Any CPU
		{F9FF26C3-37A8-4DDD-A584-C3CCC0829303}.Debug|Any CPU.Build.0 = Debug|Any CPU
		{F9FF26C3-37A8-4DDD-A584-C3CCC0829303}.Release|Any CPU.ActiveCfg = Release|Any CPU
		{F9FF26C3-37A8-4DDD-A584-C3CCC0829303}.Release|Any CPU.Build.0 = Release|Any CPU
	EndGlobalSection
	GlobalSection(SolutionProperties) = preSolution
		HideSolutionNode = FALSE
	EndGlobalSection
	GlobalSection(ExtensibilityGlobals) = postSolution
		SolutionGuid = {AB083345-B9BC-44E2-B9A8-074A68FDEAEB}
	EndGlobalSection
EndGlobal
